
Microsoft Visual Studio Solution File, Format Version 12.00
# Visual Studio Version 17
VisualStudioVersion = 17.2.32519.379
MinimumVisualStudioVersion = 10.0.40219.1
Project("{FAE04EC0-301F-11D3-BF4B-00C04F79EFBC}") = "WH.Proxy", "WH.Proxy\WH.Proxy.csproj", "{FA834C5B-EBB0-4FCB-9AE8-14369202636C}"
EndProject
Project("{2150E333-8FDC-42A3-9474-1A3956D46DE8}") = "1. UI", "1. UI", "{62D65FCB-AEBD-4A68-AAB6-898BDCE4DD66}"
EndProject
Project("{2150E333-8FDC-42A3-9474-1A3956D46DE8}") = "2. Proxy", "2. Proxy", "{EAA3E577-854C-497C-8289-ED8ADD0CEFDC}"
EndProject
Project("{2150E333-8FDC-42A3-9474-1A3956D46DE8}") = "3. Service", "3. Service", "{2F596A01-321B-4A6D-A34B-D8116E1DCDE1}"
EndProject
Project("{2150E333-8FDC-42A3-9474-1A3956D46DE8}") = "4. Logic", "4. Logic", "{9F928D4A-5FE2-4225-990F-9B89F09EC5A4}"
EndProject
Project("{2150E333-8FDC-42A3-9474-1A3956D46DE8}") = "5. Repository", "5. Repository", "{74D2C810-F29E-4548-9568-78B84ED3FA26}"
EndProject
Project("{FAE04EC0-301F-11D3-BF4B-00C04F79EFBC}") = "WH.Service", "WH.Service\WH.Service.csproj", "{9FFD2D4F-B8DE-4D34-A2AD-B027D8191F52}"
EndProject
Project("{FAE04EC0-301F-11D3-BF4B-00C04F79EFBC}") = "WH.Logic", "WH.Logic\WH.Logic.csproj", "{7DCCF044-9D6A-4194-9C08-F4463B54057B}"
EndProject
Project("{2150E333-8FDC-42A3-9474-1A3956D46DE8}") = "6. Shared", "6. Shared", "{66C95E0F-B7B9-41C0-BA75-0A19E8233681}"
EndProject
Project("{FAE04EC0-301F-11D3-BF4B-00C04F79EFBC}") = "WH.Repository", "WH.Repository\WH.Repository.csproj", "{9547E7F6-7780-4B74-89B2-3E49EB3BF88B}"
EndProject
Project("{FAE04EC0-301F-11D3-BF4B-00C04F79EFBC}") = "WH.Shared", "WH.Shared\WH.Shared.csproj", "{0D7E8D53-6A0F-402D-B494-654CA8CDAE86}"
EndProject
Project("{FAE04EC0-301F-11D3-BF4B-00C04F79EFBC}") = "WH.UI", "WH.UI\WH.UI.csproj", "{9F9FB25F-2831-42DF-B343-BC0AF67C069C}"
EndProject
Global
	GlobalSection(SolutionConfigurationPlatforms) = preSolution
		Debug|Any CPU = Debug|Any CPU
		Release|Any CPU = Release|Any CPU
	EndGlobalSection
	GlobalSection(ProjectConfigurationPlatforms) = postSolution
		{FA834C5B-EBB0-4FCB-9AE8-14369202636C}.Debug|Any CPU.ActiveCfg = Debug|Any CPU
		{FA834C5B-EBB0-4FCB-9AE8-14369202636C}.Debug|Any CPU.Build.0 = Debug|Any CPU
		{FA834C5B-EBB0-4FCB-9AE8-14369202636C}.Release|Any CPU.ActiveCfg = Release|Any CPU
		{FA834C5B-EBB0-4FCB-9AE8-14369202636C}.Release|Any CPU.Build.0 = Release|Any CPU
		{9FFD2D4F-B8DE-4D34-A2AD-B027D8191F52}.Debug|Any CPU.ActiveCfg = Debug|Any CPU
		{9FFD2D4F-B8DE-4D34-A2AD-B027D8191F52}.Debug|Any CPU.Build.0 = Debug|Any CPU
		{9FFD2D4F-B8DE-4D34-A2AD-B027D8191F52}.Release|Any CPU.ActiveCfg = Release|Any CPU
		{9FFD2D4F-B8DE-4D34-A2AD-B027D8191F52}.Release|Any CPU.Build.0 = Release|Any CPU
		{7DCCF044-9D6A-4194-9C08-F4463B54057B}.Debug|Any CPU.ActiveCfg = Debug|Any CPU
		{7DCCF044-9D6A-4194-9C08-F4463B54057B}.Debug|Any CPU.Build.0 = Debug|Any CPU
		{7DCCF044-9D6A-4194-9C08-F4463B54057B}.Release|Any CPU.ActiveCfg = Release|Any CPU
		{7DCCF044-9D6A-4194-9C08-F4463B54057B}.Release|Any CPU.Build.0 = Release|Any CPU
		{9547E7F6-7780-4B74-89B2-3E49EB3BF88B}.Debug|Any CPU.ActiveCfg = Debug|Any CPU
		{9547E7F6-7780-4B74-89B2-3E49EB3BF88B}.Debug|Any CPU.Build.0 = Debug|Any CPU
		{9547E7F6-7780-4B74-89B2-3E49EB3BF88B}.Release|Any CPU.ActiveCfg = Release|Any CPU
		{9547E7F6-7780-4B74-89B2-3E49EB3BF88B}.Release|Any CPU.Build.0 = Release|Any CPU
		{0D7E8D53-6A0F-402D-B494-654CA8CDAE86}.Debug|Any CPU.ActiveCfg = Debug|Any CPU
		{0D7E8D53-6A0F-402D-B494-654CA8CDAE86}.Debug|Any CPU.Build.0 = Debug|Any CPU
		{0D7E8D53-6A0F-402D-B494-654CA8CDAE86}.Release|Any CPU.ActiveCfg = Release|Any CPU
		{0D7E8D53-6A0F-402D-B494-654CA8CDAE86}.Release|Any CPU.Build.0 = Release|Any CPU
		{9F9FB25F-2831-42DF-B343-BC0AF67C069C}.Debug|Any CPU.ActiveCfg = Debug|Any CPU
		{9F9FB25F-2831-42DF-B343-BC0AF67C069C}.Debug|Any CPU.Build.0 = Debug|Any CPU
		{9F9FB25F-2831-42DF-B343-BC0AF67C069C}.Release|Any CPU.ActiveCfg = Release|Any CPU
		{9F9FB25F-2831-42DF-B343-BC0AF67C069C}.Release|Any CPU.Build.0 = Release|Any CPU
	EndGlobalSection
	GlobalSection(SolutionProperties) = preSolution
		HideSolutionNode = FALSE
	EndGlobalSection
	GlobalSection(NestedProjects) = preSolution
		{FA834C5B-EBB0-4FCB-9AE8-14369202636C} = {EAA3E577-854C-497C-8289-ED8ADD0CEFDC}
		{9FFD2D4F-B8DE-4D34-A2AD-B027D8191F52} = {2F596A01-321B-4A6D-A34B-D8116E1DCDE1}
		{7DCCF044-9D6A-4194-9C08-F4463B54057B} = {9F928D4A-5FE2-4225-990F-9B89F09EC5A4}
		{9547E7F6-7780-4B74-89B2-3E49EB3BF88B} = {74D2C810-F29E-4548-9568-78B84ED3FA26}
		{0D7E8D53-6A0F-402D-B494-654CA8CDAE86} = {66C95E0F-B7B9-41C0-BA75-0A19E8233681}
		{9F9FB25F-2831-42DF-B343-BC0AF67C069C} = {62D65FCB-AEBD-4A68-AAB6-898BDCE4DD66}
	EndGlobalSection
	GlobalSection(ExtensibilityGlobals) = postSolution
		SolutionGuid = {2B529607-6C81-4091-AF3B-7AF62F97FC07}
	EndGlobalSection
EndGlobal
